
Microsoft Visual Studio Solution File, Format Version 12.00
# Visual Studio Version 16
VisualStudioVersion = 16.0.30804.86
MinimumVisualStudioVersion = 10.0.40219.1
Project("{9A19103F-16F7-4668-BE54-9A1E7A4F7556}") = "eShopOn.Basket", "eShopOn.Basket\eShopOn.Basket.csproj", "{5E2C02F6-DDA7-4CCD-9CE8-C9D489BDAD14}"
EndProject
Project("{9A19103F-16F7-4668-BE54-9A1E7A4F7556}") = "eShopOn.Basket.Core", "eShopOn.Basket.Core\eShopOn.Basket.Core.csproj", "{F3308B22-1E39-4027-B77D-16C0689CAA3C}"
EndProject
Project("{9A19103F-16F7-4668-BE54-9A1E7A4F7556}") = "eShopOn.Basket.Tests", "eShopOn.Basket.Tests\eShopOn.Basket.Tests.csproj", "{435A1EAE-8C25-4D90-900A-2F1A39B4AA74}"
EndProject
Project("{9A19103F-16F7-4668-BE54-9A1E7A4F7556}") = "eShopOn.Catalog", "eShopOn.Catalog\eShopOn.Catalog.csproj", "{76F21917-4403-4300-BD45-7F25E8795F36}"
EndProject
Project("{9A19103F-16F7-4668-BE54-9A1E7A4F7556}") = "eShopOn.Ordering", "eShopOn.Ordering\eShopOn.Ordering.csproj", "{3218ACEF-CD31-4C66-B383-BCFDA6622A17}"
EndProject
Project("{9A19103F-16F7-4668-BE54-9A1E7A4F7556}") = "eShopOn.Catalog.Core", "eShopOn.Catalog.Core\eShopOn.Catalog.Core.csproj", "{0D29AF23-573E-41BF-8B98-D789E9687C45}"
EndProject
Project("{9A19103F-16F7-4668-BE54-9A1E7A4F7556}") = "eShopOn.Catalog.Tests", "eShopOn.Catalog.Tests\eShopOn.Catalog.Tests.csproj", "{58C314C6-D4E3-4D3A-BDF7-29BA88DBBB98}"
EndProject
Project("{9A19103F-16F7-4668-BE54-9A1E7A4F7556}") = "eShopOn.Identity", "eShopOn.Identity\eShopOn.Identity.csproj", "{34FDEE88-BD83-40E5-9BDE-0E2FC83AF6BE}"
EndProject
Project("{9A19103F-16F7-4668-BE54-9A1E7A4F7556}") = "eShopOn.Identity.Core", "eShopOn.Identity.Core\eShopOn.Identity.Core.csproj", "{73D27B30-9940-4379-9C85-FA16DD1CDA25}"
EndProject
Project("{9A19103F-16F7-4668-BE54-9A1E7A4F7556}") = "eShopOn.Identity.Tests", "eShopOn.Identity.Tests\eShopOn.Identity.Tests.csproj", "{CAF96A50-9254-42C8-940B-39A96493776A}"
EndProject
Project("{9A19103F-16F7-4668-BE54-9A1E7A4F7556}") = "eShopOn.Ordering.Core", "eShopOn.Ordering.Core\eShopOn.Ordering.Core.csproj", "{821B650E-2C50-4F40-965C-951AF1B4789F}"
EndProject
Project("{9A19103F-16F7-4668-BE54-9A1E7A4F7556}") = "eShopOn.Ordering.Tests", "eShopOn.Ordering.Tests\eShopOn.Ordering.Tests.csproj", "{2536ADB0-186F-4659-9CF9-804EEC5F6BA4}"
EndProject
Project("{9A19103F-16F7-4668-BE54-9A1E7A4F7556}") = "eShopOn.Payment", "eShopOn.Payment\eShopOn.Payment.csproj", "{FA3174CE-0F66-4B6D-9B10-421CCB727CB9}"
EndProject
Project("{9A19103F-16F7-4668-BE54-9A1E7A4F7556}") = "WebMVC", "eShopOn.WebMVC\WebMVC.csproj", "{F22EEEA3-E1E3-4692-8460-06A2ACB9A28D}"
EndProject
Project("{9A19103F-16F7-4668-BE54-9A1E7A4F7556}") = "eShopOn.Payment.Core", "eShopOn.Payment.Core\eShopOn.Payment.Core.csproj", "{5BA5504C-1E29-4E31-B808-7DBD12365CF7}"
EndProject
Project("{9A19103F-16F7-4668-BE54-9A1E7A4F7556}") = "eShopOn.Payment.Tests", "eShopOn.Payment.Tests\eShopOn.Payment.Tests.csproj", "{34B6A70A-C126-48AE-8294-8F81BFDF74E6}"
EndProject
Project("{2150E333-8FDC-42A3-9474-1A3956D46DE8}") = "Components", "Components", "{B3511C5B-2398-48C6-BA73-4478A7A49264}"
EndProject
Project("{2150E333-8FDC-42A3-9474-1A3956D46DE8}") = "WebApp", "WebApp", "{598800D5-BE95-4F2E-AB99-59FAEF7FA3EE}"
EndProject
Project("{2150E333-8FDC-42A3-9474-1A3956D46DE8}") = "Basket", "Basket", "{34F47D4C-02CC-42C0-BF9C-398FEFF4642F}"
EndProject
Project("{2150E333-8FDC-42A3-9474-1A3956D46DE8}") = "Catalog", "Catalog", "{13B8B438-2247-40B6-917D-51C75360BD97}"
EndProject
Project("{2150E333-8FDC-42A3-9474-1A3956D46DE8}") = "Identity", "Identity", "{3C02A0D6-78DE-4E3B-8B18-26B6F6CBDB7A}"
EndProject
Project("{2150E333-8FDC-42A3-9474-1A3956D46DE8}") = "Ordering", "Ordering", "{1BC2AD73-DB4D-4071-B33B-87A0EF45D85F}"
EndProject
Project("{2150E333-8FDC-42A3-9474-1A3956D46DE8}") = "Payment", "Payment", "{AEE1A3E1-C25D-492F-A184-4A10CB27EA9A}"
EndProject
Global
	GlobalSection(SolutionConfigurationPlatforms) = preSolution
		Debug|Any CPU = Debug|Any CPU
		Release|Any CPU = Release|Any CPU
	EndGlobalSection
	GlobalSection(ProjectConfigurationPlatforms) = postSolution
		{5E2C02F6-DDA7-4CCD-9CE8-C9D489BDAD14}.Debug|Any CPU.ActiveCfg = Debug|Any CPU
		{5E2C02F6-DDA7-4CCD-9CE8-C9D489BDAD14}.Debug|Any CPU.Build.0 = Debug|Any CPU
		{5E2C02F6-DDA7-4CCD-9CE8-C9D489BDAD14}.Release|Any CPU.ActiveCfg = Release|Any CPU
		{5E2C02F6-DDA7-4CCD-9CE8-C9D489BDAD14}.Release|Any CPU.Build.0 = Release|Any CPU
		{F3308B22-1E39-4027-B77D-16C0689CAA3C}.Debug|Any CPU.ActiveCfg = Debug|Any CPU
		{F3308B22-1E39-4027-B77D-16C0689CAA3C}.Debug|Any CPU.Build.0 = Debug|Any CPU
		{F3308B22-1E39-4027-B77D-16C0689CAA3C}.Release|Any CPU.ActiveCfg = Release|Any CPU
		{F3308B22-1E39-4027-B77D-16C0689CAA3C}.Release|Any CPU.Build.0 = Release|Any CPU
		{435A1EAE-8C25-4D90-900A-2F1A39B4AA74}.Debug|Any CPU.ActiveCfg = Debug|Any CPU
		{435A1EAE-8C25-4D90-900A-2F1A39B4AA74}.Debug|Any CPU.Build.0 = Debug|Any CPU
		{435A1EAE-8C25-4D90-900A-2F1A39B4AA74}.Release|Any CPU.ActiveCfg = Release|Any CPU
		{435A1EAE-8C25-4D90-900A-2F1A39B4AA74}.Release|Any CPU.Build.0 = Release|Any CPU
		{76F21917-4403-4300-BD45-7F25E8795F36}.Debug|Any CPU.ActiveCfg = Debug|Any CPU
		{76F21917-4403-4300-BD45-7F25E8795F36}.Debug|Any CPU.Build.0 = Debug|Any CPU
		{76F21917-4403-4300-BD45-7F25E8795F36}.Release|Any CPU.ActiveCfg = Release|Any CPU
		{76F21917-4403-4300-BD45-7F25E8795F36}.Release|Any CPU.Build.0 = Release|Any CPU
		{3218ACEF-CD31-4C66-B383-BCFDA6622A17}.Debug|Any CPU.ActiveCfg = Debug|Any CPU
		{3218ACEF-CD31-4C66-B383-BCFDA6622A17}.Debug|Any CPU.Build.0 = Debug|Any CPU
		{3218ACEF-CD31-4C66-B383-BCFDA6622A17}.Release|Any CPU.ActiveCfg = Release|Any CPU
		{3218ACEF-CD31-4C66-B383-BCFDA6622A17}.Release|Any CPU.Build.0 = Release|Any CPU
		{0D29AF23-573E-41BF-8B98-D789E9687C45}.Debug|Any CPU.ActiveCfg = Debug|Any CPU
		{0D29AF23-573E-41BF-8B98-D789E9687C45}.Debug|Any CPU.Build.0 = Debug|Any CPU
		{0D29AF23-573E-41BF-8B98-D789E9687C45}.Release|Any CPU.ActiveCfg = Release|Any CPU
		{0D29AF23-573E-41BF-8B98-D789E9687C45}.Release|Any CPU.Build.0 = Release|Any CPU
		{58C314C6-D4E3-4D3A-BDF7-29BA88DBBB98}.Debug|Any CPU.ActiveCfg = Debug|Any CPU
		{58C314C6-D4E3-4D3A-BDF7-29BA88DBBB98}.Debug|Any CPU.Build.0 = Debug|Any CPU
		{58C314C6-D4E3-4D3A-BDF7-29BA88DBBB98}.Release|Any CPU.ActiveCfg = Release|Any CPU
		{58C314C6-D4E3-4D3A-BDF7-29BA88DBBB98}.Release|Any CPU.Build.0 = Release|Any CPU
		{34FDEE88-BD83-40E5-9BDE-0E2FC83AF6BE}.Debug|Any CPU.ActiveCfg = Debug|Any CPU
		{34FDEE88-BD83-40E5-9BDE-0E2FC83AF6BE}.Debug|Any CPU.Build.0 = Debug|Any CPU
		{34FDEE88-BD83-40E5-9BDE-0E2FC83AF6BE}.Release|Any CPU.ActiveCfg = Release|Any CPU
		{34FDEE88-BD83-40E5-9BDE-0E2FC83AF6BE}.Release|Any CPU.Build.0 = Release|Any CPU
		{73D27B30-9940-4379-9C85-FA16DD1CDA25}.Debug|Any CPU.ActiveCfg = Debug|Any CPU
		{73D27B30-9940-4379-9C85-FA16DD1CDA25}.Debug|Any CPU.Build.0 = Debug|Any CPU
		{73D27B30-9940-4379-9C85-FA16DD1CDA25}.Release|Any CPU.ActiveCfg = Release|Any CPU
		{73D27B30-9940-4379-9C85-FA16DD1CDA25}.Release|Any CPU.Build.0 = Release|Any CPU
		{CAF96A50-9254-42C8-940B-39A96493776A}.Debug|Any CPU.ActiveCfg = Debug|Any CPU
		{CAF96A50-9254-42C8-940B-39A96493776A}.Debug|Any CPU.Build.0 = Debug|Any CPU
		{CAF96A50-9254-42C8-940B-39A96493776A}.Release|Any CPU.ActiveCfg = Release|Any CPU
		{CAF96A50-9254-42C8-940B-39A96493776A}.Release|Any CPU.Build.0 = Release|Any CPU
		{821B650E-2C50-4F40-965C-951AF1B4789F}.Debug|Any CPU.ActiveCfg = Debug|Any CPU
		{821B650E-2C50-4F40-965C-951AF1B4789F}.Debug|Any CPU.Build.0 = Debug|Any CPU
		{821B650E-2C50-4F40-965C-951AF1B4789F}.Release|Any CPU.ActiveCfg = Release|Any CPU
		{821B650E-2C50-4F40-965C-951AF1B4789F}.Release|Any CPU.Build.0 = Release|Any CPU
		{2536ADB0-186F-4659-9CF9-804EEC5F6BA4}.Debug|Any CPU.ActiveCfg = Debug|Any CPU
		{2536ADB0-186F-4659-9CF9-804EEC5F6BA4}.Debug|Any CPU.Build.0 = Debug|Any CPU
		{2536ADB0-186F-4659-9CF9-804EEC5F6BA4}.Release|Any CPU.ActiveCfg = Release|Any CPU
		{2536ADB0-186F-4659-9CF9-804EEC5F6BA4}.Release|Any CPU.Build.0 = Release|Any CPU
		{FA3174CE-0F66-4B6D-9B10-421CCB727CB9}.Debug|Any CPU.ActiveCfg = Debug|Any CPU
		{FA3174CE-0F66-4B6D-9B10-421CCB727CB9}.Debug|Any CPU.Build.0 = Debug|Any CPU
		{FA3174CE-0F66-4B6D-9B10-421CCB727CB9}.Release|Any CPU.ActiveCfg = Release|Any CPU
		{FA3174CE-0F66-4B6D-9B10-421CCB727CB9}.Release|Any CPU.Build.0 = Release|Any CPU
		{F22EEEA3-E1E3-4692-8460-06A2ACB9A28D}.Debug|Any CPU.ActiveCfg = Debug|Any CPU
		{F22EEEA3-E1E3-4692-8460-06A2ACB9A28D}.Debug|Any CPU.Build.0 = Debug|Any CPU
		{F22EEEA3-E1E3-4692-8460-06A2ACB9A28D}.Release|Any CPU.ActiveCfg = Release|Any CPU
		{F22EEEA3-E1E3-4692-8460-06A2ACB9A28D}.Release|Any CPU.Build.0 = Release|Any CPU
		{5BA5504C-1E29-4E31-B808-7DBD12365CF7}.Debug|Any CPU.ActiveCfg = Debug|Any CPU
		{5BA5504C-1E29-4E31-B808-7DBD12365CF7}.Debug|Any CPU.Build.0 = Debug|Any CPU
		{5BA5504C-1E29-4E31-B808-7DBD12365CF7}.Release|Any CPU.ActiveCfg = Release|Any CPU
		{5BA5504C-1E29-4E31-B808-7DBD12365CF7}.Release|Any CPU.Build.0 = Release|Any CPU
		{34B6A70A-C126-48AE-8294-8F81BFDF74E6}.Debug|Any CPU.ActiveCfg = Debug|Any CPU
		{34B6A70A-C126-48AE-8294-8F81BFDF74E6}.Debug|Any CPU.Build.0 = Debug|Any CPU
		{34B6A70A-C126-48AE-8294-8F81BFDF74E6}.Release|Any CPU.ActiveCfg = Release|Any CPU
		{34B6A70A-C126-48AE-8294-8F81BFDF74E6}.Release|Any CPU.Build.0 = Release|Any CPU
	EndGlobalSection
	GlobalSection(SolutionProperties) = preSolution
		HideSolutionNode = FALSE
	EndGlobalSection
	GlobalSection(NestedProjects) = preSolution
		{5E2C02F6-DDA7-4CCD-9CE8-C9D489BDAD14} = {34F47D4C-02CC-42C0-BF9C-398FEFF4642F}
		{F3308B22-1E39-4027-B77D-16C0689CAA3C} = {34F47D4C-02CC-42C0-BF9C-398FEFF4642F}
		{435A1EAE-8C25-4D90-900A-2F1A39B4AA74} = {34F47D4C-02CC-42C0-BF9C-398FEFF4642F}
		{76F21917-4403-4300-BD45-7F25E8795F36} = {13B8B438-2247-40B6-917D-51C75360BD97}
		{3218ACEF-CD31-4C66-B383-BCFDA6622A17} = {1BC2AD73-DB4D-4071-B33B-87A0EF45D85F}
		{0D29AF23-573E-41BF-8B98-D789E9687C45} = {13B8B438-2247-40B6-917D-51C75360BD97}
		{58C314C6-D4E3-4D3A-BDF7-29BA88DBBB98} = {13B8B438-2247-40B6-917D-51C75360BD97}
		{34FDEE88-BD83-40E5-9BDE-0E2FC83AF6BE} = {3C02A0D6-78DE-4E3B-8B18-26B6F6CBDB7A}
		{73D27B30-9940-4379-9C85-FA16DD1CDA25} = {3C02A0D6-78DE-4E3B-8B18-26B6F6CBDB7A}
		{CAF96A50-9254-42C8-940B-39A96493776A} = {3C02A0D6-78DE-4E3B-8B18-26B6F6CBDB7A}
		{821B650E-2C50-4F40-965C-951AF1B4789F} = {1BC2AD73-DB4D-4071-B33B-87A0EF45D85F}
		{2536ADB0-186F-4659-9CF9-804EEC5F6BA4} = {1BC2AD73-DB4D-4071-B33B-87A0EF45D85F}
		{FA3174CE-0F66-4B6D-9B10-421CCB727CB9} = {AEE1A3E1-C25D-492F-A184-4A10CB27EA9A}
		{F22EEEA3-E1E3-4692-8460-06A2ACB9A28D} = {598800D5-BE95-4F2E-AB99-59FAEF7FA3EE}
		{5BA5504C-1E29-4E31-B808-7DBD12365CF7} = {AEE1A3E1-C25D-492F-A184-4A10CB27EA9A}
		{34B6A70A-C126-48AE-8294-8F81BFDF74E6} = {AEE1A3E1-C25D-492F-A184-4A10CB27EA9A}
		{34F47D4C-02CC-42C0-BF9C-398FEFF4642F} = {B3511C5B-2398-48C6-BA73-4478A7A49264}
		{13B8B438-2247-40B6-917D-51C75360BD97} = {B3511C5B-2398-48C6-BA73-4478A7A49264}
		{3C02A0D6-78DE-4E3B-8B18-26B6F6CBDB7A} = {B3511C5B-2398-48C6-BA73-4478A7A49264}
		{1BC2AD73-DB4D-4071-B33B-87A0EF45D85F} = {B3511C5B-2398-48C6-BA73-4478A7A49264}
		{AEE1A3E1-C25D-492F-A184-4A10CB27EA9A} = {B3511C5B-2398-48C6-BA73-4478A7A49264}
	EndGlobalSection
	GlobalSection(ExtensibilityGlobals) = postSolution
		SolutionGuid = {1C8560F9-67BB-4D2E-A9A0-F135E82D1417}
	EndGlobalSection
EndGlobal
